{
	"name": "lithe-lib-demo",
	"version": "1.0.0",
	"lockfileVersion": 3,
	"requires": true,
	"packages": {
		"": {
			"name": "lithe-lib-demo",
			"version": "1.0.0",
			"dependencies": {
				"@oarkflow/lithe": "^1.1.1"
			},
			"devDependencies": {},
			"engines": {
				"node": ">=22.6.0"
			}
		},
		"node_modules/@oarkflow/lithe": {
			"version": "1.1.1",
			"resolved": "https://registry.npmjs.org/@oarkflow/lithe/-/lithe-1.1.1.tgz",
			"integrity": "sha512-8/DFYJWh8Y3cJH7fW5giK16b4JRwWYDeCae+EMlf9iHpK2Tm6KgCMCGjC5FjHk0kLuwDEDUVOrBDmzCm8/n1Yg==",
			"license": "MIT",
			"bin": {
				"lithe": "cli/lithe.js"
			},
			"engines": {
				"node": ">=22.6.0"
			}
		}
	}
}
